
Microsoft Visual Studio Solution File, Format Version 12.00
# Visual Studio Version 17
VisualStudioVersion = 17.1.32328.378
MinimumVisualStudioVersion = 10.0.40219.1
Project("{2150E333-8FDC-42A3-9474-1A3956D46DE8}") = "Solution Items", "Solution Items", "{FBA78DD9-9103-4CD8-A22F-8CA45122DBC4}"
	ProjectSection(SolutionItems) = preProject
		.editorconfig = .editorconfig
	EndProjectSection
EndProject
Project("{9A19103F-16F7-4668-BE54-9A1E7A4F7556}") = "DAZ_Installer.Core", "DAZ_Installer.Core\DAZ_Installer.Core.csproj", "{6719331A-0851-4C4A-9C15-435AFD86EFFB}"
EndProject
Project("{9A19103F-16F7-4668-BE54-9A1E7A4F7556}") = "DAZ_Installer.Database", "DAZ_Installer.Database\DAZ_Installer.Database.csproj", "{BBA2E972-AAE1-429A-841E-44DF6BD117C9}"
	ProjectSection(ProjectDependencies) = postProject
		{6719331A-0851-4C4A-9C15-435AFD86EFFB} = {6719331A-0851-4C4A-9C15-435AFD86EFFB}
	EndProjectSection
EndProject
Project("{9A19103F-16F7-4668-BE54-9A1E7A4F7556}") = "DAZ_Installer.UI", "DAZ_Installer.UI\DAZ_Installer.UI.csproj", "{A89C12E1-F4D6-46B6-8B65-1450928F56CD}"
	ProjectSection(ProjectDependencies) = postProject
		{6719331A-0851-4C4A-9C15-435AFD86EFFB} = {6719331A-0851-4C4A-9C15-435AFD86EFFB}
		{BBA2E972-AAE1-429A-841E-44DF6BD117C9} = {BBA2E972-AAE1-429A-841E-44DF6BD117C9}
	EndProjectSection
EndProject
Project("{9A19103F-16F7-4668-BE54-9A1E7A4F7556}") = "DAZ_Installer.CoreTests", "DAZ_Installer.CoreTests\DAZ_Installer.CoreTests.csproj", "{A2EFAAB7-395A-43F2-A882-963355ABDE8D}"
EndProject
Project("{9A19103F-16F7-4668-BE54-9A1E7A4F7556}") = "DAZ_Installer.Windows", "DAZ_Installer.Windows\DAZ_Installer.Windows.csproj", "{4CB2A43F-BC49-44A6-B64E-416D59F07156}"
EndProject
Project("{9A19103F-16F7-4668-BE54-9A1E7A4F7556}") = "DAZ_Installer.IO", "DAZ_Installer.IO\DAZ_Installer.IO.csproj", "{E619A09A-3C2B-4375-8CFC-C1ED7EA3F3FE}"
EndProject
Project("{9A19103F-16F7-4668-BE54-9A1E7A4F7556}") = "DAZ_Installer.IOTests", "DAZ_Installer.IOTests\DAZ_Installer.IOTests.csproj", "{B822AA2E-CDA5-4ADE-9747-8D3DEB4CD807}"
EndProject
Project("{D954291E-2A0B-460D-934E-DC6B0785DB48}") = "DAZ_Installer.Common", "DAZ_Installer.Common\DAZ_Installer.Common.shproj", "{B52A5C81-D9C5-4B68-A117-B0AEC3DD5D17}"
EndProject
Project("{FAE04EC0-301F-11D3-BF4B-00C04F79EFBC}") = "DAZ_Installer.DatabaseTests", "DAZ_Installer.DatabaseTests\DAZ_Installer.DatabaseTests.csproj", "{27F4B70E-1EE2-4FA6-A947-FCFA0284493F}"
EndProject
Global
	GlobalSection(SolutionConfigurationPlatforms) = preSolution
		Debug|Any CPU = Debug|Any CPU
		Debug|x64 = Debug|x64
		Release|Any CPU = Release|Any CPU
		Release|x64 = Release|x64
	EndGlobalSection
	GlobalSection(ProjectConfigurationPlatforms) = postSolution
		{6719331A-0851-4C4A-9C15-435AFD86EFFB}.Debug|Any CPU.ActiveCfg = Debug|Any CPU
		{6719331A-0851-4C4A-9C15-435AFD86EFFB}.Debug|Any CPU.Build.0 = Debug|Any CPU
		{6719331A-0851-4C4A-9C15-435AFD86EFFB}.Debug|x64.ActiveCfg = Debug|Any CPU
		{6719331A-0851-4C4A-9C15-435AFD86EFFB}.Debug|x64.Build.0 = Debug|Any CPU
		{6719331A-0851-4C4A-9C15-435AFD86EFFB}.Release|Any CPU.ActiveCfg = Release|Any CPU
		{6719331A-0851-4C4A-9C15-435AFD86EFFB}.Release|Any CPU.Build.0 = Release|Any CPU
		{6719331A-0851-4C4A-9C15-435AFD86EFFB}.Release|x64.ActiveCfg = Release|Any CPU
		{6719331A-0851-4C4A-9C15-435AFD86EFFB}.Release|x64.Build.0 = Release|Any CPU
		{BBA2E972-AAE1-429A-841E-44DF6BD117C9}.Debug|Any CPU.ActiveCfg = Debug|Any CPU
		{BBA2E972-AAE1-429A-841E-44DF6BD117C9}.Debug|Any CPU.Build.0 = Debug|Any CPU
		{BBA2E972-AAE1-429A-841E-44DF6BD117C9}.Debug|x64.ActiveCfg = Debug|Any CPU
		{BBA2E972-AAE1-429A-841E-44DF6BD117C9}.Debug|x64.Build.0 = Debug|Any CPU
		{BBA2E972-AAE1-429A-841E-44DF6BD117C9}.Release|Any CPU.ActiveCfg = Release|Any CPU
		{BBA2E972-AAE1-429A-841E-44DF6BD117C9}.Release|Any CPU.Build.0 = Release|Any CPU
		{BBA2E972-AAE1-429A-841E-44DF6BD117C9}.Release|x64.ActiveCfg = Release|Any CPU
		{BBA2E972-AAE1-429A-841E-44DF6BD117C9}.Release|x64.Build.0 = Release|Any CPU
		{A89C12E1-F4D6-46B6-8B65-1450928F56CD}.Debug|Any CPU.ActiveCfg = Debug|Any CPU
		{A89C12E1-F4D6-46B6-8B65-1450928F56CD}.Debug|Any CPU.Build.0 = Debug|Any CPU
		{A89C12E1-F4D6-46B6-8B65-1450928F56CD}.Debug|x64.ActiveCfg = Debug|Any CPU
		{A89C12E1-F4D6-46B6-8B65-1450928F56CD}.Debug|x64.Build.0 = Debug|Any CPU
		{A89C12E1-F4D6-46B6-8B65-1450928F56CD}.Release|Any CPU.ActiveCfg = Release|Any CPU
		{A89C12E1-F4D6-46B6-8B65-1450928F56CD}.Release|Any CPU.Build.0 = Release|Any CPU
		{A89C12E1-F4D6-46B6-8B65-1450928F56CD}.Release|x64.ActiveCfg = Release|Any CPU
		{A89C12E1-F4D6-46B6-8B65-1450928F56CD}.Release|x64.Build.0 = Release|Any CPU
		{A2EFAAB7-395A-43F2-A882-963355ABDE8D}.Debug|Any CPU.ActiveCfg = Debug|Any CPU
		{A2EFAAB7-395A-43F2-A882-963355ABDE8D}.Debug|Any CPU.Build.0 = Debug|Any CPU
		{A2EFAAB7-395A-43F2-A882-963355ABDE8D}.Debug|x64.ActiveCfg = Debug|Any CPU
		{A2EFAAB7-395A-43F2-A882-963355ABDE8D}.Debug|x64.Build.0 = Debug|Any CPU
		{A2EFAAB7-395A-43F2-A882-963355ABDE8D}.Release|Any CPU.ActiveCfg = Release|Any CPU
		{A2EFAAB7-395A-43F2-A882-963355ABDE8D}.Release|Any CPU.Build.0 = Release|Any CPU
		{A2EFAAB7-395A-43F2-A882-963355ABDE8D}.Release|x64.ActiveCfg = Release|Any CPU
		{A2EFAAB7-395A-43F2-A882-963355ABDE8D}.Release|x64.Build.0 = Release|Any CPU
		{4CB2A43F-BC49-44A6-B64E-416D59F07156}.Debug|Any CPU.ActiveCfg = Debug|Any CPU
		{4CB2A43F-BC49-44A6-B64E-416D59F07156}.Debug|Any CPU.Build.0 = Debug|Any CPU
		{4CB2A43F-BC49-44A6-B64E-416D59F07156}.Debug|x64.ActiveCfg = Debug|Any CPU
		{4CB2A43F-BC49-44A6-B64E-416D59F07156}.Debug|x64.Build.0 = Debug|Any CPU
		{4CB2A43F-BC49-44A6-B64E-416D59F07156}.Release|Any CPU.ActiveCfg = Release|Any CPU
		{4CB2A43F-BC49-44A6-B64E-416D59F07156}.Release|Any CPU.Build.0 = Release|Any CPU
		{4CB2A43F-BC49-44A6-B64E-416D59F07156}.Release|x64.ActiveCfg = Release|Any CPU
		{4CB2A43F-BC49-44A6-B64E-416D59F07156}.Release|x64.Build.0 = Release|Any CPU
		{E619A09A-3C2B-4375-8CFC-C1ED7EA3F3FE}.Debug|Any CPU.ActiveCfg = Debug|Any CPU
		{E619A09A-3C2B-4375-8CFC-C1ED7EA3F3FE}.Debug|Any CPU.Build.0 = Debug|Any CPU
		{E619A09A-3C2B-4375-8CFC-C1ED7EA3F3FE}.Debug|x64.ActiveCfg = Debug|Any CPU
		{E619A09A-3C2B-4375-8CFC-C1ED7EA3F3FE}.Debug|x64.Build.0 = Debug|Any CPU
		{E619A09A-3C2B-4375-8CFC-C1ED7EA3F3FE}.Release|Any CPU.ActiveCfg = Release|Any CPU
		{E619A09A-3C2B-4375-8CFC-C1ED7EA3F3FE}.Release|Any CPU.Build.0 = Release|Any CPU
		{E619A09A-3C2B-4375-8CFC-C1ED7EA3F3FE}.Release|x64.ActiveCfg = Release|Any CPU
		{E619A09A-3C2B-4375-8CFC-C1ED7EA3F3FE}.Release|x64.Build.0 = Release|Any CPU
		{B822AA2E-CDA5-4ADE-9747-8D3DEB4CD807}.Debug|Any CPU.ActiveCfg = Debug|Any CPU
		{B822AA2E-CDA5-4ADE-9747-8D3DEB4CD807}.Debug|Any CPU.Build.0 = Debug|Any CPU
		{B822AA2E-CDA5-4ADE-9747-8D3DEB4CD807}.Debug|x64.ActiveCfg = Debug|Any CPU
		{B822AA2E-CDA5-4ADE-9747-8D3DEB4CD807}.Debug|x64.Build.0 = Debug|Any CPU
		{B822AA2E-CDA5-4ADE-9747-8D3DEB4CD807}.Release|Any CPU.ActiveCfg = Release|Any CPU
		{B822AA2E-CDA5-4ADE-9747-8D3DEB4CD807}.Release|Any CPU.Build.0 = Release|Any CPU
		{B822AA2E-CDA5-4ADE-9747-8D3DEB4CD807}.Release|x64.ActiveCfg = Release|Any CPU
		{B822AA2E-CDA5-4ADE-9747-8D3DEB4CD807}.Release|x64.Build.0 = Release|Any CPU
		{27F4B70E-1EE2-4FA6-A947-FCFA0284493F}.Debug|Any CPU.ActiveCfg = Debug|Any CPU
		{27F4B70E-1EE2-4FA6-A947-FCFA0284493F}.Debug|Any CPU.Build.0 = Debug|Any CPU
		{27F4B70E-1EE2-4FA6-A947-FCFA0284493F}.Debug|x64.ActiveCfg = Debug|Any CPU
		{27F4B70E-1EE2-4FA6-A947-FCFA0284493F}.Debug|x64.Build.0 = Debug|Any CPU
		{27F4B70E-1EE2-4FA6-A947-FCFA0284493F}.Release|Any CPU.ActiveCfg = Release|Any CPU
		{27F4B70E-1EE2-4FA6-A947-FCFA0284493F}.Release|Any CPU.Build.0 = Release|Any CPU
		{27F4B70E-1EE2-4FA6-A947-FCFA0284493F}.Release|x64.ActiveCfg = Release|Any CPU
		{27F4B70E-1EE2-4FA6-A947-FCFA0284493F}.Release|x64.Build.0 = Release|Any CPU
	EndGlobalSection
	GlobalSection(SolutionProperties) = preSolution
		HideSolutionNode = FALSE
	EndGlobalSection
	GlobalSection(ExtensibilityGlobals) = postSolution
		SolutionGuid = {8075B0EB-E9A3-47A6-9542-3DD40C597416}
	EndGlobalSection
	GlobalSection(SharedMSBuildProjectFiles) = preSolution
		DAZ_Installer.Common\DAZ_Installer.Common.projitems*{27f4b70e-1ee2-4fa6-a947-fcfa0284493f}*SharedItemsImports = 5
		DAZ_Installer.Common\DAZ_Installer.Common.projitems*{4cb2a43f-bc49-44a6-b64e-416d59f07156}*SharedItemsImports = 5
		DAZ_Installer.Common\DAZ_Installer.Common.projitems*{6719331a-0851-4c4a-9c15-435afd86effb}*SharedItemsImports = 5
		DAZ_Installer.Common\DAZ_Installer.Common.projitems*{b52a5c81-d9c5-4b68-a117-b0aec3dd5d17}*SharedItemsImports = 13
	EndGlobalSection
EndGlobal
